
Microsoft Visual Studio Solution File, Format Version 12.00
# Visual Studio 2015
Project("{8BC9CEB8-8B4A-11D0-8D11-00A0C91BC942}") = "bgfx", "..\..\bgfx\.build\projects\vs2015\bgfx.vcxproj", "{6C90947C-58C7-950D-01B4-7B10EDC9110F}"
EndProject
Project("{8BC9CEB8-8B4A-11D0-8D11-00A0C91BC942}") = "bx", "..\..\bx\.build\projects\vs2015\bx.vcxproj", "{5F775900-4B03-880B-B4B1-880BA05C880B}"
EndProject
Project("{8BC9CEB8-8B4A-11D0-8D11-00A0C91BC942}") = "example-common", "..\..\bgfx\.build\projects\vs2015\example-common.vcxproj", "{A788128C-9356-0692-7CEA-76B86857E2F6}"
EndProject
Project("{8BC9CEB8-8B4A-11D0-8D11-00A0C91BC942}") = "VideoPoker", "VideoPoker.vcxproj", "{9D128909-89CA-CA56-F2D1-A3B2DEA86547}"
	ProjectSection(ProjectDependencies) = postProject
		{6C90947C-58C7-950D-01B4-7B10EDC9110F} = {6C90947C-58C7-950D-01B4-7B10EDC9110F}
		{A788128C-9356-0692-7CEA-76B86857E2F6} = {A788128C-9356-0692-7CEA-76B86857E2F6}
	EndProjectSection
EndProject
Global
	GlobalSection(SolutionConfigurationPlatforms) = preSolution
		Debug|Win32 = Debug|Win32
		Release|Win32 = Release|Win32
	EndGlobalSection
	GlobalSection(ProjectConfigurationPlatforms) = postSolution
		{6C90947C-58C7-950D-01B4-7B10EDC9110F}.Debug|Win32.ActiveCfg = Debug|Win32
		{6C90947C-58C7-950D-01B4-7B10EDC9110F}.Debug|Win32.Build.0 = Debug|Win32
		{6C90947C-58C7-950D-01B4-7B10EDC9110F}.Release|Win32.ActiveCfg = Release|Win32
		{6C90947C-58C7-950D-01B4-7B10EDC9110F}.Release|Win32.Build.0 = Release|Win32
		{5F775900-4B03-880B-B4B1-880BA05C880B}.Debug|Win32.ActiveCfg = Debug|Win32
		{5F775900-4B03-880B-B4B1-880BA05C880B}.Debug|Win32.Build.0 = Debug|Win32
		{5F775900-4B03-880B-B4B1-880BA05C880B}.Release|Win32.ActiveCfg = Release|Win32
		{5F775900-4B03-880B-B4B1-880BA05C880B}.Release|Win32.Build.0 = Release|Win32
		{A788128C-9356-0692-7CEA-76B86857E2F6}.Debug|Win32.ActiveCfg = Debug|Win32
		{A788128C-9356-0692-7CEA-76B86857E2F6}.Debug|Win32.Build.0 = Debug|Win32
		{A788128C-9356-0692-7CEA-76B86857E2F6}.Release|Win32.ActiveCfg = Release|Win32
		{A788128C-9356-0692-7CEA-76B86857E2F6}.Release|Win32.Build.0 = Release|Win32
		{9D128909-89CA-CA56-F2D1-A3B2DEA86547}.Debug|Win32.ActiveCfg = Debug|Win32
		{9D128909-89CA-CA56-F2D1-A3B2DEA86547}.Debug|Win32.Build.0 = Debug|Win32
		{9D128909-89CA-CA56-F2D1-A3B2DEA86547}.Release|Win32.ActiveCfg = Release|Win32
		{9D128909-89CA-CA56-F2D1-A3B2DEA86547}.Release|Win32.Build.0 = Release|Win32
	EndGlobalSection
	GlobalSection(SolutionProperties) = preSolution
		HideSolutionNode = FALSE
	EndGlobalSection
EndGlobal
